
Microsoft Visual Studio Solution File, Format Version 12.00
# Visual Studio Version 17
VisualStudioVersion = 17.8.34408.163
MinimumVisualStudioVersion = 10.0.40219.1
Project("{FAE04EC0-301F-11D3-BF4B-00C04F79EFBC}") = "Harmoniska serien", "Harmoniska serien\Harmoniska serien.csproj", "{44C04EE9-1062-49F2-A6C8-B55352CD894A}"
EndProject
Global
	GlobalSection(SolutionConfigurationPlatforms) = preSolution
		Debug|Any CPU = Debug|Any CPU
		Release|Any CPU = Release|Any CPU
	EndGlobalSection
	GlobalSection(ProjectConfigurationPlatforms) = postSolution
		{44C04EE9-1062-49F2-A6C8-B55352CD894A}.Debug|Any CPU.ActiveCfg = Debug|Any CPU
		{44C04EE9-1062-49F2-A6C8-B55352CD894A}.Debug|Any CPU.Build.0 = Debug|Any CPU
		{44C04EE9-1062-49F2-A6C8-B55352CD894A}.Release|Any CPU.ActiveCfg = Release|Any CPU
		{44C04EE9-1062-49F2-A6C8-B55352CD894A}.Release|Any CPU.Build.0 = Release|Any CPU
	EndGlobalSection
	GlobalSection(SolutionProperties) = preSolution
		HideSolutionNode = FALSE
	EndGlobalSection
	GlobalSection(ExtensibilityGlobals) = postSolution
		SolutionGuid = {4A627CE1-7524-4231-87CF-2D88FA85614D}
	EndGlobalSection
EndGlobal
